
Microsoft Visual Studio Solution File, Format Version 12.00
# Visual Studio Version 17
VisualStudioVersion = 17.3.32922.545
MinimumVisualStudioVersion = 10.0.40219.1
Project("{9A19103F-16F7-4668-BE54-9A1E7A4F7556}") = "WebAPI", "WebAPI\WebAPI.csproj", "{D2D5E06D-7B99-487A-80B8-7D20E7B81B53}"
EndProject
Project("{2150E333-8FDC-42A3-9474-1A3956D46DE8}") = "Business", "Business", "{DFE3A8D2-4F05-4D23-BC48-B9D5D69F0C15}"
EndProject
Project("{2150E333-8FDC-42A3-9474-1A3956D46DE8}") = "Entities", "Entities", "{250A0552-DBD6-46ED-877C-85CB07DCE109}"
EndProject
Project("{2150E333-8FDC-42A3-9474-1A3956D46DE8}") = "Core", "Core", "{F32E33BB-2563-48B6-8D28-1576FF6D1C7D}"
EndProject
Project("{2150E333-8FDC-42A3-9474-1A3956D46DE8}") = "DataAccess", "DataAccess", "{AA195011-3DA3-4019-8CBD-8D0199573D3C}"
EndProject
Project("{FAE04EC0-301F-11D3-BF4B-00C04F79EFBC}") = "Business", "Business\Business.csproj", "{36A805A7-AE86-45F2-A354-16F7E60E2EEC}"
EndProject
Project("{FAE04EC0-301F-11D3-BF4B-00C04F79EFBC}") = "Core", "Core\Core.csproj", "{3079C6D7-2353-4316-B7BC-A44A40DCFAFB}"
EndProject
Project("{FAE04EC0-301F-11D3-BF4B-00C04F79EFBC}") = "DataAccess", "DataAccess\DataAccess.csproj", "{8B7361D7-12EE-4E17-B30B-80DA5C17D3F6}"
EndProject
Project("{FAE04EC0-301F-11D3-BF4B-00C04F79EFBC}") = "Entities", "Entities\Entities.csproj", "{36CA01D2-E005-4634-9896-98965C12A245}"
EndProject
Global
	GlobalSection(SolutionConfigurationPlatforms) = preSolution
		Debug|Any CPU = Debug|Any CPU
		Release|Any CPU = Release|Any CPU
	EndGlobalSection
	GlobalSection(ProjectConfigurationPlatforms) = postSolution
		{D2D5E06D-7B99-487A-80B8-7D20E7B81B53}.Debug|Any CPU.ActiveCfg = Debug|Any CPU
		{D2D5E06D-7B99-487A-80B8-7D20E7B81B53}.Debug|Any CPU.Build.0 = Debug|Any CPU
		{D2D5E06D-7B99-487A-80B8-7D20E7B81B53}.Release|Any CPU.ActiveCfg = Release|Any CPU
		{D2D5E06D-7B99-487A-80B8-7D20E7B81B53}.Release|Any CPU.Build.0 = Release|Any CPU
		{36A805A7-AE86-45F2-A354-16F7E60E2EEC}.Debug|Any CPU.ActiveCfg = Debug|Any CPU
		{36A805A7-AE86-45F2-A354-16F7E60E2EEC}.Debug|Any CPU.Build.0 = Debug|Any CPU
		{36A805A7-AE86-45F2-A354-16F7E60E2EEC}.Release|Any CPU.ActiveCfg = Release|Any CPU
		{36A805A7-AE86-45F2-A354-16F7E60E2EEC}.Release|Any CPU.Build.0 = Release|Any CPU
		{3079C6D7-2353-4316-B7BC-A44A40DCFAFB}.Debug|Any CPU.ActiveCfg = Debug|Any CPU
		{3079C6D7-2353-4316-B7BC-A44A40DCFAFB}.Debug|Any CPU.Build.0 = Debug|Any CPU
		{3079C6D7-2353-4316-B7BC-A44A40DCFAFB}.Release|Any CPU.ActiveCfg = Release|Any CPU
		{3079C6D7-2353-4316-B7BC-A44A40DCFAFB}.Release|Any CPU.Build.0 = Release|Any CPU
		{8B7361D7-12EE-4E17-B30B-80DA5C17D3F6}.Debug|Any CPU.ActiveCfg = Debug|Any CPU
		{8B7361D7-12EE-4E17-B30B-80DA5C17D3F6}.Debug|Any CPU.Build.0 = Debug|Any CPU
		{8B7361D7-12EE-4E17-B30B-80DA5C17D3F6}.Release|Any CPU.ActiveCfg = Release|Any CPU
		{8B7361D7-12EE-4E17-B30B-80DA5C17D3F6}.Release|Any CPU.Build.0 = Release|Any CPU
		{36CA01D2-E005-4634-9896-98965C12A245}.Debug|Any CPU.ActiveCfg = Debug|Any CPU
		{36CA01D2-E005-4634-9896-98965C12A245}.Debug|Any CPU.Build.0 = Debug|Any CPU
		{36CA01D2-E005-4634-9896-98965C12A245}.Release|Any CPU.ActiveCfg = Release|Any CPU
		{36CA01D2-E005-4634-9896-98965C12A245}.Release|Any CPU.Build.0 = Release|Any CPU
	EndGlobalSection
	GlobalSection(SolutionProperties) = preSolution
		HideSolutionNode = FALSE
	EndGlobalSection
	GlobalSection(NestedProjects) = preSolution
		{36A805A7-AE86-45F2-A354-16F7E60E2EEC} = {DFE3A8D2-4F05-4D23-BC48-B9D5D69F0C15}
		{3079C6D7-2353-4316-B7BC-A44A40DCFAFB} = {F32E33BB-2563-48B6-8D28-1576FF6D1C7D}
		{8B7361D7-12EE-4E17-B30B-80DA5C17D3F6} = {AA195011-3DA3-4019-8CBD-8D0199573D3C}
		{36CA01D2-E005-4634-9896-98965C12A245} = {250A0552-DBD6-46ED-877C-85CB07DCE109}
	EndGlobalSection
	GlobalSection(ExtensibilityGlobals) = postSolution
		SolutionGuid = {A912E1C9-5DBB-40E2-A0F4-D695770C4576}
	EndGlobalSection
EndGlobal
