
Microsoft Visual Studio Solution File, Format Version 12.00
# Visual Studio Version 17
VisualStudioVersion = 17.3.32922.545
MinimumVisualStudioVersion = 10.0.40219.1
Project("{2150E333-8FDC-42A3-9474-1A3956D46DE8}") = "Business", "Business", "{DFE3A8D2-4F05-4D23-BC48-B9D5D69F0C15}"
EndProject
Project("{2150E333-8FDC-42A3-9474-1A3956D46DE8}") = "Entities", "Entities", "{250A0552-DBD6-46ED-877C-85CB07DCE109}"
EndProject
Project("{2150E333-8FDC-42A3-9474-1A3956D46DE8}") = "Core", "Core", "{F32E33BB-2563-48B6-8D28-1576FF6D1C7D}"
EndProject
Project("{2150E333-8FDC-42A3-9474-1A3956D46DE8}") = "DataAccess", "DataAccess", "{AA195011-3DA3-4019-8CBD-8D0199573D3C}"
EndProject
Project("{2150E333-8FDC-42A3-9474-1A3956D46DE8}") = "src", "src", "{FEF6A44D-094E-4DDA-8A2B-B1EC1A39BE0E}"
EndProject
Project("{2150E333-8FDC-42A3-9474-1A3956D46DE8}") = "Presentation", "Presentation", "{2FD43F9D-A6DB-4A0C-B78F-411765E4CED5}"
EndProject
Project("{9A19103F-16F7-4668-BE54-9A1E7A4F7556}") = "Business", "Business\Business.csproj", "{96EBE04D-E5AE-4FB1-80A5-624241D9FBB8}"
EndProject
Project("{9A19103F-16F7-4668-BE54-9A1E7A4F7556}") = "Core", "Core\Core.csproj", "{4546B929-2E41-4CA4-B490-46B4EF748320}"
EndProject
Project("{9A19103F-16F7-4668-BE54-9A1E7A4F7556}") = "DataAccess", "DataAccess\DataAccess.csproj", "{01697C1B-ADA6-4EA6-9E95-14B9EAB77DBE}"
EndProject
Project("{9A19103F-16F7-4668-BE54-9A1E7A4F7556}") = "Entities", "Entities\Entities.csproj", "{9ECAD874-6F93-4DC6-8789-0BE46979BA11}"
EndProject
Project("{9A19103F-16F7-4668-BE54-9A1E7A4F7556}") = "WebAPI", "Presentation\WebAPI\WebAPI.csproj", "{3FA35580-D818-4AF4-8DD4-B5287FD84EE2}"
EndProject
Global
	GlobalSection(SolutionConfigurationPlatforms) = preSolution
		Debug|Any CPU = Debug|Any CPU
		Release|Any CPU = Release|Any CPU
	EndGlobalSection
	GlobalSection(ProjectConfigurationPlatforms) = postSolution
		{96EBE04D-E5AE-4FB1-80A5-624241D9FBB8}.Debug|Any CPU.ActiveCfg = Debug|Any CPU
		{96EBE04D-E5AE-4FB1-80A5-624241D9FBB8}.Debug|Any CPU.Build.0 = Debug|Any CPU
		{96EBE04D-E5AE-4FB1-80A5-624241D9FBB8}.Release|Any CPU.ActiveCfg = Release|Any CPU
		{96EBE04D-E5AE-4FB1-80A5-624241D9FBB8}.Release|Any CPU.Build.0 = Release|Any CPU
		{4546B929-2E41-4CA4-B490-46B4EF748320}.Debug|Any CPU.ActiveCfg = Debug|Any CPU
		{4546B929-2E41-4CA4-B490-46B4EF748320}.Debug|Any CPU.Build.0 = Debug|Any CPU
		{4546B929-2E41-4CA4-B490-46B4EF748320}.Release|Any CPU.ActiveCfg = Release|Any CPU
		{4546B929-2E41-4CA4-B490-46B4EF748320}.Release|Any CPU.Build.0 = Release|Any CPU
		{01697C1B-ADA6-4EA6-9E95-14B9EAB77DBE}.Debug|Any CPU.ActiveCfg = Debug|Any CPU
		{01697C1B-ADA6-4EA6-9E95-14B9EAB77DBE}.Debug|Any CPU.Build.0 = Debug|Any CPU
		{01697C1B-ADA6-4EA6-9E95-14B9EAB77DBE}.Release|Any CPU.ActiveCfg = Release|Any CPU
		{01697C1B-ADA6-4EA6-9E95-14B9EAB77DBE}.Release|Any CPU.Build.0 = Release|Any CPU
		{9ECAD874-6F93-4DC6-8789-0BE46979BA11}.Debug|Any CPU.ActiveCfg = Debug|Any CPU
		{9ECAD874-6F93-4DC6-8789-0BE46979BA11}.Debug|Any CPU.Build.0 = Debug|Any CPU
		{9ECAD874-6F93-4DC6-8789-0BE46979BA11}.Release|Any CPU.ActiveCfg = Release|Any CPU
		{9ECAD874-6F93-4DC6-8789-0BE46979BA11}.Release|Any CPU.Build.0 = Release|Any CPU
		{3FA35580-D818-4AF4-8DD4-B5287FD84EE2}.Debug|Any CPU.ActiveCfg = Debug|Any CPU
		{3FA35580-D818-4AF4-8DD4-B5287FD84EE2}.Debug|Any CPU.Build.0 = Debug|Any CPU
		{3FA35580-D818-4AF4-8DD4-B5287FD84EE2}.Release|Any CPU.ActiveCfg = Release|Any CPU
		{3FA35580-D818-4AF4-8DD4-B5287FD84EE2}.Release|Any CPU.Build.0 = Release|Any CPU
	EndGlobalSection
	GlobalSection(SolutionProperties) = preSolution
		HideSolutionNode = FALSE
	EndGlobalSection
	GlobalSection(NestedProjects) = preSolution
		{DFE3A8D2-4F05-4D23-BC48-B9D5D69F0C15} = {FEF6A44D-094E-4DDA-8A2B-B1EC1A39BE0E}
		{250A0552-DBD6-46ED-877C-85CB07DCE109} = {FEF6A44D-094E-4DDA-8A2B-B1EC1A39BE0E}
		{F32E33BB-2563-48B6-8D28-1576FF6D1C7D} = {FEF6A44D-094E-4DDA-8A2B-B1EC1A39BE0E}
		{AA195011-3DA3-4019-8CBD-8D0199573D3C} = {FEF6A44D-094E-4DDA-8A2B-B1EC1A39BE0E}
		{2FD43F9D-A6DB-4A0C-B78F-411765E4CED5} = {FEF6A44D-094E-4DDA-8A2B-B1EC1A39BE0E}
		{96EBE04D-E5AE-4FB1-80A5-624241D9FBB8} = {DFE3A8D2-4F05-4D23-BC48-B9D5D69F0C15}
		{4546B929-2E41-4CA4-B490-46B4EF748320} = {F32E33BB-2563-48B6-8D28-1576FF6D1C7D}
		{01697C1B-ADA6-4EA6-9E95-14B9EAB77DBE} = {AA195011-3DA3-4019-8CBD-8D0199573D3C}
		{9ECAD874-6F93-4DC6-8789-0BE46979BA11} = {250A0552-DBD6-46ED-877C-85CB07DCE109}
		{3FA35580-D818-4AF4-8DD4-B5287FD84EE2} = {2FD43F9D-A6DB-4A0C-B78F-411765E4CED5}
	EndGlobalSection
	GlobalSection(ExtensibilityGlobals) = postSolution
		SolutionGuid = {A912E1C9-5DBB-40E2-A0F4-D695770C4576}
	EndGlobalSection
EndGlobal
